
Microsoft Visual Studio Solution File, Format Version 12.00
# Visual Studio Version 17
VisualStudioVersion = 17.0.31903.59
MinimumVisualStudioVersion = 10.0.40219.1
Project("{2150E333-8FDC-42A3-9474-1A3956D46DE8}") = "dnSpyFiles", "dnSpyFiles", "{BCDFE47C-A4D8-4F5C-BCED-4AEBDC711E34}"
	ProjectSection(SolutionItems) = preProject
		dnSpyFiles\dnSpy.c = dnSpyFiles\dnSpy.c
	EndProjectSection
EndProject

Project("{2150E333-8FDC-42A3-9474-1A3956D46DE8}") = "unity-2022.3.7f1-mbe", "unity-2022.3.7f1-mbe", "{85833238-40FC-4C89-883B-A2729E163F36}"
EndProject
Project("{8BC9CEB8-8B4A-11D0-8D11-00A0C91BC942}") = "build-init", "unity-2022.3.7f1-mbe\msvc\build-init.vcxproj", "{E4CD3E5B-A387-43B7-948F-44A099AB75FF}"
EndProject
Project("{8BC9CEB8-8B4A-11D0-8D11-00A0C91BC942}") = "eglib", "unity-2022.3.7f1-mbe\msvc\eglib.vcxproj", "{5ADDAFF4-81BA-4C0F-A0D9-898664C976F8}"
EndProject
Project("{8BC9CEB8-8B4A-11D0-8D11-00A0C91BC942}") = "genmdesc", "unity-2022.3.7f1-mbe\msvc\genmdesc.vcxproj", "{A5E2A0A3-6F11-460A-9876-9AF31B1BE477}"
EndProject
Project("{8BC9CEB8-8B4A-11D0-8D11-00A0C91BC942}") = "libgc", "unity-2022.3.7f1-mbe\msvc\libgc.vcxproj", "{E3938316-3E39-4F59-BCB3-FF114FDD929A}"
EndProject
Project("{8BC9CEB8-8B4A-11D0-8D11-00A0C91BC942}") = "libmono-dynamic", "unity-2022.3.7f1-mbe\msvc\libmono-dynamic.vcxproj", "{BC5B2D97-E032-4FD9-A9D0-74CF5D355C3E}"
EndProject
Project("{2150E333-8FDC-42A3-9474-1A3956D46DE8}") = "unity-2022.3.15f1-mbe", "unity-2022.3.15f1-mbe", "{D7EDAF9E-0E1C-4407-9AD6-CEB6767FD07E}"
EndProject
Project("{8BC9CEB8-8B4A-11D0-8D11-00A0C91BC942}") = "build-init", "unity-2022.3.15f1-mbe\msvc\build-init.vcxproj", "{61DD9D3A-B12F-4AA7-BA9F-88D9C6D170E0}"
EndProject
Project("{8BC9CEB8-8B4A-11D0-8D11-00A0C91BC942}") = "eglib", "unity-2022.3.15f1-mbe\msvc\eglib.vcxproj", "{E6AF6765-CE8A-4C2F-BFE4-525F9C1A7533}"
EndProject
Project("{8BC9CEB8-8B4A-11D0-8D11-00A0C91BC942}") = "genmdesc", "unity-2022.3.15f1-mbe\msvc\genmdesc.vcxproj", "{56F2678E-FB9C-48A9-B9CF-8646C46F6563}"
EndProject
Project("{8BC9CEB8-8B4A-11D0-8D11-00A0C91BC942}") = "libgc", "unity-2022.3.15f1-mbe\msvc\libgc.vcxproj", "{F80ABC89-8C02-40E8-9923-17E098F05AB1}"
EndProject
Project("{8BC9CEB8-8B4A-11D0-8D11-00A0C91BC942}") = "libmono-dynamic", "unity-2022.3.15f1-mbe\msvc\libmono-dynamic.vcxproj", "{68CE23C8-DA12-4C24-849B-AAE849E723C9}"
EndProject
Project("{8BC9CEB8-8B4A-11D0-8D11-00A0C91BC942}") = "monow", "unity-2022.3.15f1-mbe\msvc\monow.vcxproj", "{1A364FCD-4AB7-426C-887A-5BC519929170}"
EndProject
Project("{2150E333-8FDC-42A3-9474-1A3956D46DE8}") = "unity-2022.3.29f1-mbe", "unity-2022.3.29f1-mbe", "{65F29E9A-4D77-4EFF-9764-C943DBBC78E4}"
EndProject
Project("{8BC9CEB8-8B4A-11D0-8D11-00A0C91BC942}") = "build-init", "unity-2022.3.29f1-mbe\msvc\build-init.vcxproj", "{9E61E3EC-33AB-48DC-BD3F-E47AFBC7794B}"
EndProject
Project("{8BC9CEB8-8B4A-11D0-8D11-00A0C91BC942}") = "eglib", "unity-2022.3.29f1-mbe\msvc\eglib.vcxproj", "{9A94BC3B-68B0-42A9-8CB6-A094FFE3C747}"
EndProject
Project("{8BC9CEB8-8B4A-11D0-8D11-00A0C91BC942}") = "genmdesc", "unity-2022.3.29f1-mbe\msvc\genmdesc.vcxproj", "{8C031CDC-AFB8-4886-8F10-A6207C7A8A8B}"
EndProject
Project("{8BC9CEB8-8B4A-11D0-8D11-00A0C91BC942}") = "libgc", "unity-2022.3.29f1-mbe\msvc\libgc.vcxproj", "{8ED4FD4E-AF45-4424-87E6-7107F76E3B1C}"
EndProject
Project("{8BC9CEB8-8B4A-11D0-8D11-00A0C91BC942}") = "libmono-dynamic", "unity-2022.3.29f1-mbe\msvc\libmono-dynamic.vcxproj", "{5A82236B-205E-4225-9906-FDDF0458875E}"
EndProject
Project("{8BC9CEB8-8B4A-11D0-8D11-00A0C91BC942}") = "monow", "unity-2022.3.29f1-mbe\msvc\monow.vcxproj", "{ABF3F357-05D1-4B44-A3E7-6BAD9081F43D}"
EndProject
Global
	GlobalSection(SolutionConfigurationPlatforms) = preSolution
		Debug_eglib|x64 = Debug_eglib|x64
		Debug_eglib|x86 = Debug_eglib|x86
		Debug|x64 = Debug|x64
		Debug|x86 = Debug|x86
		Release_eglib_xarm|x64 = Release_eglib_xarm|x64
		Release_eglib_xarm|x86 = Release_eglib_xarm|x86
		Release_eglib|x64 = Release_eglib|x64
		Release_eglib|x86 = Release_eglib|x86
		Release|x64 = Release|x64
		Release|x86 = Release|x86
	EndGlobalSection
	GlobalSection(ProjectConfigurationPlatforms) = postSolution

		{E4CD3E5B-A387-43B7-948F-44A099AB75FF}.Debug|x64.ActiveCfg = Debug|x64
		{E4CD3E5B-A387-43B7-948F-44A099AB75FF}.Debug|x64.Build.0 = Debug|x64
		{E4CD3E5B-A387-43B7-948F-44A099AB75FF}.Debug|x86.ActiveCfg = Debug|Win32
		{E4CD3E5B-A387-43B7-948F-44A099AB75FF}.Debug|x86.Build.0 = Debug|Win32
		{E4CD3E5B-A387-43B7-948F-44A099AB75FF}.Release|x64.ActiveCfg = Release|x64
		{E4CD3E5B-A387-43B7-948F-44A099AB75FF}.Release|x64.Build.0 = Release|x64
		{E4CD3E5B-A387-43B7-948F-44A099AB75FF}.Release|x86.ActiveCfg = Release|Win32
		{E4CD3E5B-A387-43B7-948F-44A099AB75FF}.Release|x86.Build.0 = Release|Win32
		{5ADDAFF4-81BA-4C0F-A0D9-898664C976F8}.Debug|x64.ActiveCfg = Debug|x64
		{5ADDAFF4-81BA-4C0F-A0D9-898664C976F8}.Debug|x64.Build.0 = Debug|x64
		{5ADDAFF4-81BA-4C0F-A0D9-898664C976F8}.Debug|x86.ActiveCfg = Debug|Win32
		{5ADDAFF4-81BA-4C0F-A0D9-898664C976F8}.Debug|x86.Build.0 = Debug|Win32
		{5ADDAFF4-81BA-4C0F-A0D9-898664C976F8}.Release|x64.ActiveCfg = Release|x64
		{5ADDAFF4-81BA-4C0F-A0D9-898664C976F8}.Release|x64.Build.0 = Release|x64
		{5ADDAFF4-81BA-4C0F-A0D9-898664C976F8}.Release|x86.ActiveCfg = Release|Win32
		{5ADDAFF4-81BA-4C0F-A0D9-898664C976F8}.Release|x86.Build.0 = Release|Win32
		{A5E2A0A3-6F11-460A-9876-9AF31B1BE477}.Debug|x64.ActiveCfg = Debug|x64
		{A5E2A0A3-6F11-460A-9876-9AF31B1BE477}.Debug|x64.Build.0 = Debug|x64
		{A5E2A0A3-6F11-460A-9876-9AF31B1BE477}.Debug|x86.ActiveCfg = Debug|Win32
		{A5E2A0A3-6F11-460A-9876-9AF31B1BE477}.Debug|x86.Build.0 = Debug|Win32
		{A5E2A0A3-6F11-460A-9876-9AF31B1BE477}.Release|x64.ActiveCfg = Release|x64
		{A5E2A0A3-6F11-460A-9876-9AF31B1BE477}.Release|x64.Build.0 = Release|x64
		{A5E2A0A3-6F11-460A-9876-9AF31B1BE477}.Release|x86.ActiveCfg = Release|Win32
		{A5E2A0A3-6F11-460A-9876-9AF31B1BE477}.Release|x86.Build.0 = Release|Win32
		{E3938316-3E39-4F59-BCB3-FF114FDD929A}.Debug|x64.ActiveCfg = Debug|x64
		{E3938316-3E39-4F59-BCB3-FF114FDD929A}.Debug|x64.Build.0 = Debug|x64
		{E3938316-3E39-4F59-BCB3-FF114FDD929A}.Debug|x86.ActiveCfg = Debug|Win32
		{E3938316-3E39-4F59-BCB3-FF114FDD929A}.Debug|x86.Build.0 = Debug|Win32
		{E3938316-3E39-4F59-BCB3-FF114FDD929A}.Release|x64.ActiveCfg = Release|x64
		{E3938316-3E39-4F59-BCB3-FF114FDD929A}.Release|x64.Build.0 = Release|x64
		{E3938316-3E39-4F59-BCB3-FF114FDD929A}.Release|x86.ActiveCfg = Release|Win32
		{E3938316-3E39-4F59-BCB3-FF114FDD929A}.Release|x86.Build.0 = Release|Win32
		{BC5B2D97-E032-4FD9-A9D0-74CF5D355C3E}.Debug|x64.ActiveCfg = Debug|x64
		{BC5B2D97-E032-4FD9-A9D0-74CF5D355C3E}.Debug|x64.Build.0 = Debug|x64
		{BC5B2D97-E032-4FD9-A9D0-74CF5D355C3E}.Debug|x86.ActiveCfg = Debug|Win32
		{BC5B2D97-E032-4FD9-A9D0-74CF5D355C3E}.Debug|x86.Build.0 = Debug|Win32
		{BC5B2D97-E032-4FD9-A9D0-74CF5D355C3E}.Release|x64.ActiveCfg = Release|x64
		{BC5B2D97-E032-4FD9-A9D0-74CF5D355C3E}.Release|x64.Build.0 = Release|x64
		{BC5B2D97-E032-4FD9-A9D0-74CF5D355C3E}.Release|x86.ActiveCfg = Release|Win32
		{BC5B2D97-E032-4FD9-A9D0-74CF5D355C3E}.Release|x86.Build.0 = Release|Win32
		{61DD9D3A-B12F-4AA7-BA9F-88D9C6D170E0}.Debug|x64.ActiveCfg = Debug|x64
		{61DD9D3A-B12F-4AA7-BA9F-88D9C6D170E0}.Debug|x64.Build.0 = Debug|x64
		{61DD9D3A-B12F-4AA7-BA9F-88D9C6D170E0}.Debug|x86.ActiveCfg = Debug|Win32
		{61DD9D3A-B12F-4AA7-BA9F-88D9C6D170E0}.Debug|x86.Build.0 = Debug|Win32
		{61DD9D3A-B12F-4AA7-BA9F-88D9C6D170E0}.Release|x64.ActiveCfg = Release|x64
		{61DD9D3A-B12F-4AA7-BA9F-88D9C6D170E0}.Release|x64.Build.0 = Release|x64
		{61DD9D3A-B12F-4AA7-BA9F-88D9C6D170E0}.Release|x86.ActiveCfg = Release|Win32
		{61DD9D3A-B12F-4AA7-BA9F-88D9C6D170E0}.Release|x86.Build.0 = Release|Win32
		{E6AF6765-CE8A-4C2F-BFE4-525F9C1A7533}.Debug|x64.ActiveCfg = Debug|x64
		{E6AF6765-CE8A-4C2F-BFE4-525F9C1A7533}.Debug|x64.Build.0 = Debug|x64
		{E6AF6765-CE8A-4C2F-BFE4-525F9C1A7533}.Debug|x86.ActiveCfg = Debug|Win32
		{E6AF6765-CE8A-4C2F-BFE4-525F9C1A7533}.Debug|x86.Build.0 = Debug|Win32
		{E6AF6765-CE8A-4C2F-BFE4-525F9C1A7533}.Release|x64.ActiveCfg = Release|x64
		{E6AF6765-CE8A-4C2F-BFE4-525F9C1A7533}.Release|x64.Build.0 = Release|x64
		{E6AF6765-CE8A-4C2F-BFE4-525F9C1A7533}.Release|x86.ActiveCfg = Release|Win32
		{E6AF6765-CE8A-4C2F-BFE4-525F9C1A7533}.Release|x86.Build.0 = Release|Win32
		{56F2678E-FB9C-48A9-B9CF-8646C46F6563}.Debug|x64.ActiveCfg = Debug|x64
		{56F2678E-FB9C-48A9-B9CF-8646C46F6563}.Debug|x64.Build.0 = Debug|x64
		{56F2678E-FB9C-48A9-B9CF-8646C46F6563}.Debug|x86.ActiveCfg = Debug|Win32
		{56F2678E-FB9C-48A9-B9CF-8646C46F6563}.Debug|x86.Build.0 = Debug|Win32
		{56F2678E-FB9C-48A9-B9CF-8646C46F6563}.Release|x64.ActiveCfg = Release|x64
		{56F2678E-FB9C-48A9-B9CF-8646C46F6563}.Release|x64.Build.0 = Release|x64
		{56F2678E-FB9C-48A9-B9CF-8646C46F6563}.Release|x86.ActiveCfg = Release|Win32
		{56F2678E-FB9C-48A9-B9CF-8646C46F6563}.Release|x86.Build.0 = Release|Win32
		{F80ABC89-8C02-40E8-9923-17E098F05AB1}.Debug|x64.ActiveCfg = Debug|x64
		{F80ABC89-8C02-40E8-9923-17E098F05AB1}.Debug|x64.Build.0 = Debug|x64
		{F80ABC89-8C02-40E8-9923-17E098F05AB1}.Debug|x86.ActiveCfg = Debug|Win32
		{F80ABC89-8C02-40E8-9923-17E098F05AB1}.Debug|x86.Build.0 = Debug|Win32
		{F80ABC89-8C02-40E8-9923-17E098F05AB1}.Release|x64.ActiveCfg = Release|x64
		{F80ABC89-8C02-40E8-9923-17E098F05AB1}.Release|x64.Build.0 = Release|x64
		{F80ABC89-8C02-40E8-9923-17E098F05AB1}.Release|x86.ActiveCfg = Release|Win32
		{F80ABC89-8C02-40E8-9923-17E098F05AB1}.Release|x86.Build.0 = Release|Win32
		{68CE23C8-DA12-4C24-849B-AAE849E723C9}.Debug|x64.ActiveCfg = Debug|x64
		{68CE23C8-DA12-4C24-849B-AAE849E723C9}.Debug|x64.Build.0 = Debug|x64
		{68CE23C8-DA12-4C24-849B-AAE849E723C9}.Debug|x86.ActiveCfg = Debug|Win32
		{68CE23C8-DA12-4C24-849B-AAE849E723C9}.Debug|x86.Build.0 = Debug|Win32
		{68CE23C8-DA12-4C24-849B-AAE849E723C9}.Release|x64.ActiveCfg = Release|x64
		{68CE23C8-DA12-4C24-849B-AAE849E723C9}.Release|x64.Build.0 = Release|x64
		{68CE23C8-DA12-4C24-849B-AAE849E723C9}.Release|x86.ActiveCfg = Release|Win32
		{68CE23C8-DA12-4C24-849B-AAE849E723C9}.Release|x86.Build.0 = Release|Win32
		{1A364FCD-4AB7-426C-887A-5BC519929170}.Debug|x64.ActiveCfg = Debug|x64
		{1A364FCD-4AB7-426C-887A-5BC519929170}.Debug|x64.Build.0 = Debug|x64
		{1A364FCD-4AB7-426C-887A-5BC519929170}.Debug|x86.ActiveCfg = Debug|Win32
		{1A364FCD-4AB7-426C-887A-5BC519929170}.Debug|x86.Build.0 = Debug|Win32
		{1A364FCD-4AB7-426C-887A-5BC519929170}.Release|x64.ActiveCfg = Release|x64
		{1A364FCD-4AB7-426C-887A-5BC519929170}.Release|x64.Build.0 = Release|x64
		{1A364FCD-4AB7-426C-887A-5BC519929170}.Release|x86.ActiveCfg = Release|Win32
		{1A364FCD-4AB7-426C-887A-5BC519929170}.Release|x86.Build.0 = Release|Win32
		{9E61E3EC-33AB-48DC-BD3F-E47AFBC7794B}.Debug|x64.ActiveCfg = Debug|x64
		{9E61E3EC-33AB-48DC-BD3F-E47AFBC7794B}.Debug|x64.Build.0 = Debug|x64
		{9E61E3EC-33AB-48DC-BD3F-E47AFBC7794B}.Debug|x86.ActiveCfg = Debug|Win32
		{9E61E3EC-33AB-48DC-BD3F-E47AFBC7794B}.Debug|x86.Build.0 = Debug|Win32
		{9E61E3EC-33AB-48DC-BD3F-E47AFBC7794B}.Release|x64.ActiveCfg = Release|x64
		{9E61E3EC-33AB-48DC-BD3F-E47AFBC7794B}.Release|x64.Build.0 = Release|x64
		{9E61E3EC-33AB-48DC-BD3F-E47AFBC7794B}.Release|x86.ActiveCfg = Release|Win32
		{9E61E3EC-33AB-48DC-BD3F-E47AFBC7794B}.Release|x86.Build.0 = Release|Win32
		{9A94BC3B-68B0-42A9-8CB6-A094FFE3C747}.Debug|x64.ActiveCfg = Debug|x64
		{9A94BC3B-68B0-42A9-8CB6-A094FFE3C747}.Debug|x64.Build.0 = Debug|x64
		{9A94BC3B-68B0-42A9-8CB6-A094FFE3C747}.Debug|x86.ActiveCfg = Debug|Win32
		{9A94BC3B-68B0-42A9-8CB6-A094FFE3C747}.Debug|x86.Build.0 = Debug|Win32
		{9A94BC3B-68B0-42A9-8CB6-A094FFE3C747}.Release|x64.ActiveCfg = Release|x64
		{9A94BC3B-68B0-42A9-8CB6-A094FFE3C747}.Release|x64.Build.0 = Release|x64
		{9A94BC3B-68B0-42A9-8CB6-A094FFE3C747}.Release|x86.ActiveCfg = Release|Win32
		{9A94BC3B-68B0-42A9-8CB6-A094FFE3C747}.Release|x86.Build.0 = Release|Win32
		{8C031CDC-AFB8-4886-8F10-A6207C7A8A8B}.Debug|x64.ActiveCfg = Debug|x64
		{8C031CDC-AFB8-4886-8F10-A6207C7A8A8B}.Debug|x64.Build.0 = Debug|x64
		{8C031CDC-AFB8-4886-8F10-A6207C7A8A8B}.Debug|x86.ActiveCfg = Debug|Win32
		{8C031CDC-AFB8-4886-8F10-A6207C7A8A8B}.Debug|x86.Build.0 = Debug|Win32
		{8C031CDC-AFB8-4886-8F10-A6207C7A8A8B}.Release|x64.ActiveCfg = Release|x64
		{8C031CDC-AFB8-4886-8F10-A6207C7A8A8B}.Release|x64.Build.0 = Release|x64
		{8C031CDC-AFB8-4886-8F10-A6207C7A8A8B}.Release|x86.ActiveCfg = Release|Win32
		{8C031CDC-AFB8-4886-8F10-A6207C7A8A8B}.Release|x86.Build.0 = Release|Win32
		{8ED4FD4E-AF45-4424-87E6-7107F76E3B1C}.Debug|x64.ActiveCfg = Debug|x64
		{8ED4FD4E-AF45-4424-87E6-7107F76E3B1C}.Debug|x64.Build.0 = Debug|x64
		{8ED4FD4E-AF45-4424-87E6-7107F76E3B1C}.Debug|x86.ActiveCfg = Debug|Win32
		{8ED4FD4E-AF45-4424-87E6-7107F76E3B1C}.Debug|x86.Build.0 = Debug|Win32
		{8ED4FD4E-AF45-4424-87E6-7107F76E3B1C}.Release|x64.ActiveCfg = Release|x64
		{8ED4FD4E-AF45-4424-87E6-7107F76E3B1C}.Release|x64.Build.0 = Release|x64
		{8ED4FD4E-AF45-4424-87E6-7107F76E3B1C}.Release|x86.ActiveCfg = Release|Win32
		{8ED4FD4E-AF45-4424-87E6-7107F76E3B1C}.Release|x86.Build.0 = Release|Win32
		{5A82236B-205E-4225-9906-FDDF0458875E}.Debug|x64.ActiveCfg = Debug|x64
		{5A82236B-205E-4225-9906-FDDF0458875E}.Debug|x64.Build.0 = Debug|x64
		{5A82236B-205E-4225-9906-FDDF0458875E}.Debug|x86.ActiveCfg = Debug|Win32
		{5A82236B-205E-4225-9906-FDDF0458875E}.Debug|x86.Build.0 = Debug|Win32
		{5A82236B-205E-4225-9906-FDDF0458875E}.Release|x64.ActiveCfg = Release|x64
		{5A82236B-205E-4225-9906-FDDF0458875E}.Release|x64.Build.0 = Release|x64
		{5A82236B-205E-4225-9906-FDDF0458875E}.Release|x86.ActiveCfg = Release|Win32
		{5A82236B-205E-4225-9906-FDDF0458875E}.Release|x86.Build.0 = Release|Win32
		{ABF3F357-05D1-4B44-A3E7-6BAD9081F43D}.Debug|x64.ActiveCfg = Debug|x64
		{ABF3F357-05D1-4B44-A3E7-6BAD9081F43D}.Debug|x64.Build.0 = Debug|x64
		{ABF3F357-05D1-4B44-A3E7-6BAD9081F43D}.Debug|x86.ActiveCfg = Debug|Win32
		{ABF3F357-05D1-4B44-A3E7-6BAD9081F43D}.Debug|x86.Build.0 = Debug|Win32
		{ABF3F357-05D1-4B44-A3E7-6BAD9081F43D}.Release|x64.ActiveCfg = Release|x64
		{ABF3F357-05D1-4B44-A3E7-6BAD9081F43D}.Release|x64.Build.0 = Release|x64
		{ABF3F357-05D1-4B44-A3E7-6BAD9081F43D}.Release|x86.ActiveCfg = Release|Win32
		{ABF3F357-05D1-4B44-A3E7-6BAD9081F43D}.Release|x86.Build.0 = Release|Win32
	EndGlobalSection
	GlobalSection(SolutionProperties) = preSolution
		HideSolutionNode = FALSE
	EndGlobalSection
	GlobalSection(NestedProjects) = preSolution

		{E4CD3E5B-A387-43B7-948F-44A099AB75FF} = {85833238-40FC-4C89-883B-A2729E163F36}
		{5ADDAFF4-81BA-4C0F-A0D9-898664C976F8} = {85833238-40FC-4C89-883B-A2729E163F36}
		{A5E2A0A3-6F11-460A-9876-9AF31B1BE477} = {85833238-40FC-4C89-883B-A2729E163F36}
		{E3938316-3E39-4F59-BCB3-FF114FDD929A} = {85833238-40FC-4C89-883B-A2729E163F36}
		{BC5B2D97-E032-4FD9-A9D0-74CF5D355C3E} = {85833238-40FC-4C89-883B-A2729E163F36}
		{61DD9D3A-B12F-4AA7-BA9F-88D9C6D170E0} = {D7EDAF9E-0E1C-4407-9AD6-CEB6767FD07E}
		{E6AF6765-CE8A-4C2F-BFE4-525F9C1A7533} = {D7EDAF9E-0E1C-4407-9AD6-CEB6767FD07E}
		{56F2678E-FB9C-48A9-B9CF-8646C46F6563} = {D7EDAF9E-0E1C-4407-9AD6-CEB6767FD07E}
		{F80ABC89-8C02-40E8-9923-17E098F05AB1} = {D7EDAF9E-0E1C-4407-9AD6-CEB6767FD07E}
		{68CE23C8-DA12-4C24-849B-AAE849E723C9} = {D7EDAF9E-0E1C-4407-9AD6-CEB6767FD07E}
		{1A364FCD-4AB7-426C-887A-5BC519929170} = {D7EDAF9E-0E1C-4407-9AD6-CEB6767FD07E}
		{9E61E3EC-33AB-48DC-BD3F-E47AFBC7794B} = {65F29E9A-4D77-4EFF-9764-C943DBBC78E4}
		{9A94BC3B-68B0-42A9-8CB6-A094FFE3C747} = {65F29E9A-4D77-4EFF-9764-C943DBBC78E4}
		{8C031CDC-AFB8-4886-8F10-A6207C7A8A8B} = {65F29E9A-4D77-4EFF-9764-C943DBBC78E4}
		{8ED4FD4E-AF45-4424-87E6-7107F76E3B1C} = {65F29E9A-4D77-4EFF-9764-C943DBBC78E4}
		{5A82236B-205E-4225-9906-FDDF0458875E} = {65F29E9A-4D77-4EFF-9764-C943DBBC78E4}
		{ABF3F357-05D1-4B44-A3E7-6BAD9081F43D} = {65F29E9A-4D77-4EFF-9764-C943DBBC78E4}
	EndGlobalSection
EndGlobal
